
Microsoft Visual Studio Solution File, Format Version 12.00
# Visual Studio Version 17
VisualStudioVersion = 17.11.35312.102
MinimumVisualStudioVersion = 10.0.40219.1
Project("{8BC9CEB8-8B4A-11D0-8D11-00A0C91BC942}") = "01", "01.vcxproj", "{BA59C9E7-8F71-4960-BDEB-5280C2F275F8}"
EndProject
Global
	GlobalSection(SolutionConfigurationPlatforms) = preSolution
		Debug|x64 = Debug|x64
		Debug|x86 = Debug|x86
		Release|x64 = Release|x64
		Release|x86 = Release|x86
	EndGlobalSection
	GlobalSection(ProjectConfigurationPlatforms) = postSolution
		{BA59C9E7-8F71-4960-BDEB-5280C2F275F8}.Debug|x64.ActiveCfg = Debug|x64
		{BA59C9E7-8F71-4960-BDEB-5280C2F275F8}.Debug|x64.Build.0 = Debug|x64
		{BA59C9E7-8F71-4960-BDEB-5280C2F275F8}.Debug|x86.ActiveCfg = Debug|Win32
		{BA59C9E7-8F71-4960-BDEB-5280C2F275F8}.Debug|x86.Build.0 = Debug|Win32
		{BA59C9E7-8F71-4960-BDEB-5280C2F275F8}.Release|x64.ActiveCfg = Release|x64
		{BA59C9E7-8F71-4960-BDEB-5280C2F275F8}.Release|x64.Build.0 = Release|x64
		{BA59C9E7-8F71-4960-BDEB-5280C2F275F8}.Release|x86.ActiveCfg = Release|Win32
		{BA59C9E7-8F71-4960-BDEB-5280C2F275F8}.Release|x86.Build.0 = Release|Win32
	EndGlobalSection
	GlobalSection(SolutionProperties) = preSolution
		HideSolutionNode = FALSE
	EndGlobalSection
	GlobalSection(ExtensibilityGlobals) = postSolution
		SolutionGuid = {964BA01F-9BB2-4A8B-82C5-5A6B746B6DFE}
	EndGlobalSection
EndGlobal
